# This file is autogenerated, do not edit; changes may be undone by the next 'dep ensure'.


[[projects]]
  name = "github.com/boltdb/bolt"
  packages = ["."]
  revision = "2f1ce7a837dcb8da3ec595b1dac9d0632f0f99e8"
  version = "v1.3.1"

[[projects]]
  name = "github.com/kr/pty"
  packages = ["."]
  revision = "2c10821df3c3cf905230d078702dfbe9404c9b23"
  version = "v1.0.0"

[[projects]]
  name = "github.com/mattn/go-isatty"
  packages = ["."]
  revision = "fc9e8d8ef48496124e79ae0df75490096eccf6fe"
  version = "v0.0.2"

[[projects]]
  branch = "master"
  name = "github.com/xiaq/persistent"
  packages = ["types","vector"]
  revision = "6019758bdeebb8bef8fa099bc96eb4f44c8e4579"

[[projects]]
  branch = "master"
  name = "golang.org/x/sys"
  packages = ["unix"]
  revision = "ab9e364efd8b52800ff7ee48a9ffba4e0ed78dfb"

[solve-meta]
  analyzer-name = "dep"
  analyzer-version = 1
  inputs-digest = "93fb6cdd9f528da7f83306dfe211dc63e425ca5791ed677f8c27c2810c9ee480"
  solver-name = "gps-cdcl"
  solver-version = 1
