# This file is autogenerated, do not edit; changes may be undone by the next 'dep ensure'.


[[projects]]
  name = "github.com/boltdb/bolt"
  packages = ["."]
  revision = "2f1ce7a837dcb8da3ec595b1dac9d0632f0f99e8"
  version = "v1.3.1"

[[projects]]
  name = "github.com/kr/pty"
  packages = ["."]
  revision = "95d05c1eef33a45bd58676b6ce28d105839b8d0b"
  version = "v1.0.1"

[[projects]]
  name = "github.com/mattn/go-isatty"
  packages = ["."]
  revision = "0360b2af4f38e8d38c7fce2a9f4e702702d73a39"
  version = "v0.0.3"

[[projects]]
  branch = "master"
  name = "github.com/xiaq/persistent"
  packages = ["hash","hashmap","types","vector"]
  revision = "221501f424668419263ca5ee4e26637fdb05e229"

[[projects]]
  branch = "master"
  name = "golang.org/x/sys"
  packages = ["unix","windows"]
  revision = "a3f2cbd54cf5dfe3fbaccf76375fdb12f67654c8"

[solve-meta]
  analyzer-name = "dep"
  analyzer-version = 1
  inputs-digest = "af3f22523d6ecfba4dccfb0f57e353923b401495cd7cf2e4a295062fc8d3028b"
  solver-name = "gps-cdcl"
  solver-version = 1
