{
    "name": "elvish",
    "version": "0.2.0",
    "lockfileVersion": 2,
    "requires": true,
    "packages": {
        "": {
            "name": "elvish",
            "version": "0.2.0",
            "license": "BSD-2-Clause",
            "dependencies": {
                "vscode-languageclient": "^7.0.0"
            },
            "devDependencies": {
                "esbuild": "^0.15.0"
            },
            "engines": {
                "vscode": "^1.65.0"
            }
        },
        "node_modules/@esbuild/linux-loong64": {
            "version": "0.15.0",
            "resolved": "https://registry.npmjs.org/@esbuild/linux-loong64/-/linux-loong64-0.15.0.tgz",
            "integrity": "sha512-7ChD3qsxRPIPp9bfjspZiM/x8B1UZL7IKwp0YdnC1kKsDCB5Q8/TexedeeEbkI9inlunu8Lll2lP2wnkiXTCLA==",
            "cpu": [
                "loong64"
            ],
            "dev": true,
            "optional": true,
            "os": [
                "linux"
            ],
            "engines": {
                "node": ">=12"
            }
        },
        "node_modules/balanced-match": {
            "version": "1.0.2",
            "resolved": "https://registry.npmjs.org/balanced-match/-/balanced-match-1.0.2.tgz",
            "integrity": "sha512-3oSeUO0TMV67hN1AmbXsK4yaqU7tjiHlbxRDZOpH0KW9+CeX4bRAaX0Anxt0tx2MrpRpWwQaPwIlISEJhYU5Pw=="
        },
        "node_modules/brace-expansion": {
            "version": "1.1.11",
            "resolved": "https://registry.npmjs.org/brace-expansion/-/brace-expansion-1.1.11.tgz",
            "integrity": "sha512-iCuPHDFgrHX7H2vEI/5xpz07zSHB00TpugqhmYtVmMO6518mCuRMoOYFldEBl0g187ufozdaHgWKcYFb61qGiA==",
            "dependencies": {
                "balanced-match": "^1.0.0",
                "concat-map": "0.0.1"
            }
        },
        "node_modules/concat-map": {
            "version": "0.0.1",
            "resolved": "https://registry.npmjs.org/concat-map/-/concat-map-0.0.1.tgz",
            "integrity": "sha1-2Klr13/Wjfd5OnMDajug1UBdR3s="
        },
        "node_modules/esbuild": {
            "version": "0.15.0",
            "resolved": "https://registry.npmjs.org/esbuild/-/esbuild-0.15.0.tgz",
            "integrity": "sha512-UUDSelGc/EOhzn0zpkdhLA3iB+jq2OS5gnMUMz/BqAKBIsWR2fTHqrddNPt2PNj3OUchqcMcTHSUBr+VpYpcsQ==",
            "dev": true,
            "hasInstallScript": true,
            "bin": {
                "esbuild": "bin/esbuild"
            },
            "engines": {
                "node": ">=12"
            },
            "optionalDependencies": {
                "@esbuild/linux-loong64": "0.15.0",
                "esbuild-android-64": "0.15.0",
                "esbuild-android-arm64": "0.15.0",
                "esbuild-darwin-64": "0.15.0",
                "esbuild-darwin-arm64": "0.15.0",
                "esbuild-freebsd-64": "0.15.0",
                "esbuild-freebsd-arm64": "0.15.0",
                "esbuild-linux-32": "0.15.0",
                "esbuild-linux-64": "0.15.0",
                "esbuild-linux-arm": "0.15.0",
                "esbuild-linux-arm64": "0.15.0",
                "esbuild-linux-mips64le": "0.15.0",
                "esbuild-linux-ppc64le": "0.15.0",
                "esbuild-linux-riscv64": "0.15.0",
                "esbuild-linux-s390x": "0.15.0",
                "esbuild-netbsd-64": "0.15.0",
                "esbuild-openbsd-64": "0.15.0",
                "esbuild-sunos-64": "0.15.0",
                "esbuild-windows-32": "0.15.0",
                "esbuild-windows-64": "0.15.0",
                "esbuild-windows-arm64": "0.15.0"
            }
        },
        "node_modules/esbuild-android-64": {
            "version": "0.15.0",
            "resolved": "https://registry.npmjs.org/esbuild-android-64/-/esbuild-android-64-0.15.0.tgz",
            "integrity": "sha512-A9wa6quw4nYIhCDH6rudxSTOAIfSOYU3eME8ZkfP21P+WTxz0pFORFDuBjVAcLhkora3bDc23C8UeloKiiQPOg==",
            "cpu": [
                "x64"
            ],
            "dev": true,
            "optional": true,
            "os": [
                "android"
            ],
            "engines": {
                "node": ">=12"
            }
        },
        "node_modules/esbuild-android-arm64": {
            "version": "0.15.0",
            "resolved": "https://registry.npmjs.org/esbuild-android-arm64/-/esbuild-android-arm64-0.15.0.tgz",
            "integrity": "sha512-ujdverhuFUfW99HdF+L9n1wzG950lVL1AJVc1SEbJRaQC22tVq9xXNXkLLq7v4hSZWrdz/MT3hwhnQF0KTMxNg==",
            "cpu": [
                "arm64"
            ],
            "dev": true,
            "optional": true,
            "os": [
                "android"
            ],
            "engines": {
                "node": ">=12"
            }
        },
        "node_modules/esbuild-darwin-64": {
            "version": "0.15.0",
            "resolved": "https://registry.npmjs.org/esbuild-darwin-64/-/esbuild-darwin-64-0.15.0.tgz",
            "integrity": "sha512-aA5SVtXCetQ9ChREG8xDdzv43XGbdz+u4AxQgQZrRu0gXD3yJfawfZgquaej3CxVAlrOgBPbu5z+tA5SVhXAxQ==",
            "cpu": [
                "x64"
            ],
            "dev": true,
            "optional": true,
            "os": [
                "darwin"
            ],
            "engines": {
                "node": ">=12"
            }
        },
        "node_modules/esbuild-darwin-arm64": {
            "version": "0.15.0",
            "resolved": "https://registry.npmjs.org/esbuild-darwin-arm64/-/esbuild-darwin-arm64-0.15.0.tgz",
            "integrity": "sha512-CaxPS5JUQpldeIMVqw0K+vlGfyMphvtIWugPMyXPGTDmUAcWXSha1QRgJ5Fxa9d/cC4DKeC8L8/q7ClzinXxfA==",
            "cpu": [
                "arm64"
            ],
            "dev": true,
            "optional": true,
            "os": [
                "darwin"
            ],
            "engines": {
                "node": ">=12"
            }
        },
        "node_modules/esbuild-freebsd-64": {
            "version": "0.15.0",
            "resolved": "https://registry.npmjs.org/esbuild-freebsd-64/-/esbuild-freebsd-64-0.15.0.tgz",
            "integrity": "sha512-O9yvjry2bmX8sxx42JfwW6g/usZ0e3ndfb3+bquu20qkuEfDodqHNzotOjaKSREvxpw+Ub1zNtXvA/FFekSaOA==",
            "cpu": [
                "x64"
            ],
            "dev": true,
            "optional": true,
            "os": [
                "freebsd"
            ],
            "engines": {
                "node": ">=12"
            }
        },
        "node_modules/esbuild-freebsd-arm64": {
            "version": "0.15.0",
            "resolved": "https://registry.npmjs.org/esbuild-freebsd-arm64/-/esbuild-freebsd-arm64-0.15.0.tgz",
            "integrity": "sha512-Zv8bNAG1lYyCtWi+PVndgys6KRBe5hQgD81tK3zdZ6XEitpCPwF8QShYbV8RacG1YBD7aHKSoWKGkT9+5bMGhw==",
            "cpu": [
                "arm64"
            ],
            "dev": true,
            "optional": true,
            "os": [
                "freebsd"
            ],
            "engines": {
                "node": ">=12"
            }
        },
        "node_modules/esbuild-linux-32": {
            "version": "0.15.0",
            "resolved": "https://registry.npmjs.org/esbuild-linux-32/-/esbuild-linux-32-0.15.0.tgz",
            "integrity": "sha512-QZqCG55D5Wof1WmBJMuihNroLM9S2oDXGkqB0ZHMA67CQw+3cAwWxOKW36n6VFaKiE4MhvUuW7jI+lr2D7nXQQ==",
            "cpu": [
                "ia32"
            ],
            "dev": true,
            "optional": true,
            "os": [
                "linux"
            ],
            "engines": {
                "node": ">=12"
            }
        },
        "node_modules/esbuild-linux-64": {
            "version": "0.15.0",
            "resolved": "https://registry.npmjs.org/esbuild-linux-64/-/esbuild-linux-64-0.15.0.tgz",
            "integrity": "sha512-cmB2vAUWf9W8768H0DuOi6VUrQPCinx/oYhRbuR1TZj873vg1GTqc55LAh1cYCC0xEMd9MjO4YfI43OX4ewI1w==",
            "cpu": [
                "x64"
            ],
            "dev": true,
            "optional": true,
            "os": [
                "linux"
            ],
            "engines": {
                "node": ">=12"
            }
        },
        "node_modules/esbuild-linux-arm": {
            "version": "0.15.0",
            "resolved": "https://registry.npmjs.org/esbuild-linux-arm/-/esbuild-linux-arm-0.15.0.tgz",
            "integrity": "sha512-UyY0Vqd9ngfeWBeJrrqHiXf4ozqXxzNT8ebdNt1ay5hfu/uXes3eVkt1YHP2dcxG/APPE4XDxvKlx0SoSwHP6Q==",
            "cpu": [
                "arm"
            ],
            "dev": true,
            "optional": true,
            "os": [
                "linux"
            ],
            "engines": {
                "node": ">=12"
            }
        },
        "node_modules/esbuild-linux-arm64": {
            "version": "0.15.0",
            "resolved": "https://registry.npmjs.org/esbuild-linux-arm64/-/esbuild-linux-arm64-0.15.0.tgz",
            "integrity": "sha512-bJc8k64Lss+2V8yx9kh4Q48SYPR/k0kxyep2pmvzaGm+AreeMnXI0J33zF4tU/OW9r3pwa74F3/MxF6x275Yhg==",
            "cpu": [
                "arm64"
            ],
            "dev": true,
            "optional": true,
            "os": [
                "linux"
            ],
            "engines": {
                "node": ">=12"
            }
        },
        "node_modules/esbuild-linux-mips64le": {
            "version": "0.15.0",
            "resolved": "https://registry.npmjs.org/esbuild-linux-mips64le/-/esbuild-linux-mips64le-0.15.0.tgz",
            "integrity": "sha512-NoOxC4a1XfM4/zGBIujIuxhPVWvS6UgqE/ksyjZ6qgHQD9lWVjcEv3iPEKKIuHXPE1s+YHvJrdXVup96aVvflQ==",
            "cpu": [
                "mips64el"
            ],
            "dev": true,
            "optional": true,
            "os": [
                "linux"
            ],
            "engines": {
                "node": ">=12"
            }
        },
        "node_modules/esbuild-linux-ppc64le": {
            "version": "0.15.0",
            "resolved": "https://registry.npmjs.org/esbuild-linux-ppc64le/-/esbuild-linux-ppc64le-0.15.0.tgz",
            "integrity": "sha512-OUkEhJAYPaYPvHZxjgnJhWB0qD8q8l1q8CnGLngmPAxb9WZrFwPYmykWBTSqGXeG08stScpkIQXy4HTSF8rH+w==",
            "cpu": [
                "ppc64"
            ],
            "dev": true,
            "optional": true,
            "os": [
                "linux"
            ],
            "engines": {
                "node": ">=12"
            }
        },
        "node_modules/esbuild-linux-riscv64": {
            "version": "0.15.0",
            "resolved": "https://registry.npmjs.org/esbuild-linux-riscv64/-/esbuild-linux-riscv64-0.15.0.tgz",
            "integrity": "sha512-DuSujKNrdCN+kvA0+BBS/ULaINuOeI0iU9XzhIRtTCR5cFJWd6aQTHluKEc3C/a/ib2KTVNjM21cUHi4Tj0NZA==",
            "cpu": [
                "riscv64"
            ],
            "dev": true,
            "optional": true,
            "os": [
                "linux"
            ],
            "engines": {
                "node": ">=12"
            }
        },
        "node_modules/esbuild-linux-s390x": {
            "version": "0.15.0",
            "resolved": "https://registry.npmjs.org/esbuild-linux-s390x/-/esbuild-linux-s390x-0.15.0.tgz",
            "integrity": "sha512-ttGGhgXRpJbsD+XXS2NIBThuEh8EvAJEnVQ9vzXviniPuvpuwKLFNBRPqtX3gE5o2bUQnh5ZugmDVuD9GW2ROg==",
            "cpu": [
                "s390x"
            ],
            "dev": true,
            "optional": true,
            "os": [
                "linux"
            ],
            "engines": {
                "node": ">=12"
            }
        },
        "node_modules/esbuild-netbsd-64": {
            "version": "0.15.0",
            "resolved": "https://registry.npmjs.org/esbuild-netbsd-64/-/esbuild-netbsd-64-0.15.0.tgz",
            "integrity": "sha512-rb6sIQ/gZeQNrgplSLJ0zLirLwr3vQCzbL1jb0Ypay83Uup2s+OEI+Vw+oJ2SomrhVyOPwk/R4AY713bJKdLsQ==",
            "cpu": [
                "x64"
            ],
            "dev": true,
            "optional": true,
            "os": [
                "netbsd"
            ],
            "engines": {
                "node": ">=12"
            }
        },
        "node_modules/esbuild-openbsd-64": {
            "version": "0.15.0",
            "resolved": "https://registry.npmjs.org/esbuild-openbsd-64/-/esbuild-openbsd-64-0.15.0.tgz",
            "integrity": "sha512-CeU7hw291UJQpNg/oJLefmM9Rdeddo2ya9Vw9hdDrUyZAAZckqVRLDh9t4OdqJuXFdlo6BM2qhZCcY22O7wfGg==",
            "cpu": [
                "x64"
            ],
            "dev": true,
            "optional": true,
            "os": [
                "openbsd"
            ],
            "engines": {
                "node": ">=12"
            }
        },
        "node_modules/esbuild-sunos-64": {
            "version": "0.15.0",
            "resolved": "https://registry.npmjs.org/esbuild-sunos-64/-/esbuild-sunos-64-0.15.0.tgz",
            "integrity": "sha512-nE7EcgDw9RT4fR+GJZ5a0spPb2HKT77viCjrGl6GSeb/n3RhxGgVGwPQDI/KRwyVeQMqEOTtHQMNPwNr9TKDDQ==",
            "cpu": [
                "x64"
            ],
            "dev": true,
            "optional": true,
            "os": [
                "sunos"
            ],
            "engines": {
                "node": ">=12"
            }
        },
        "node_modules/esbuild-windows-32": {
            "version": "0.15.0",
            "resolved": "https://registry.npmjs.org/esbuild-windows-32/-/esbuild-windows-32-0.15.0.tgz",
            "integrity": "sha512-FUPwJmPwBoqe8ShhOMfHtSElh1Nyc3s+Kru3m7lDJCjNr3ctx9YJKuzRsz4UXow6Wo79LMQGNyjysQ7UuKgvHQ==",
            "cpu": [
                "ia32"
            ],
            "dev": true,
            "optional": true,
            "os": [
                "win32"
            ],
            "engines": {
                "node": ">=12"
            }
        },
        "node_modules/esbuild-windows-64": {
            "version": "0.15.0",
            "resolved": "https://registry.npmjs.org/esbuild-windows-64/-/esbuild-windows-64-0.15.0.tgz",
            "integrity": "sha512-zNM5bSVOY0SzMFB6k3ZdMwg4JmLVLpEmgVd2fU2STDmEOXdY1APAFPVWkbWMtLF/nfLfaJLfps7+IIJgGyQbGA==",
            "cpu": [
                "x64"
            ],
            "dev": true,
            "optional": true,
            "os": [
                "win32"
            ],
            "engines": {
                "node": ">=12"
            }
        },
        "node_modules/esbuild-windows-arm64": {
            "version": "0.15.0",
            "resolved": "https://registry.npmjs.org/esbuild-windows-arm64/-/esbuild-windows-arm64-0.15.0.tgz",
            "integrity": "sha512-sqhmDwUhUULUnViLD7jAqo4FaOhLN/FMW+dFVSvxSTA9pZSr2w6efky91vTWOcTUmspvYyHyOrJmtktp1ffIaw==",
            "cpu": [
                "arm64"
            ],
            "dev": true,
            "optional": true,
            "os": [
                "win32"
            ],
            "engines": {
                "node": ">=12"
            }
        },
        "node_modules/lru-cache": {
            "version": "6.0.0",
            "resolved": "https://registry.npmjs.org/lru-cache/-/lru-cache-6.0.0.tgz",
            "integrity": "sha512-Jo6dJ04CmSjuznwJSS3pUeWmd/H0ffTlkXXgwZi+eq1UCmqQwCh+eLsYOYCwY991i2Fah4h1BEMCx4qThGbsiA==",
            "dependencies": {
                "yallist": "^4.0.0"
            },
            "engines": {
                "node": ">=10"
            }
        },
        "node_modules/minimatch": {
            "version": "3.1.2",
            "resolved": "https://registry.npmjs.org/minimatch/-/minimatch-3.1.2.tgz",
            "integrity": "sha512-J7p63hRiAjw1NDEww1W7i37+ByIrOWO5XQQAzZ3VOcL0PNybwpfmV/N05zFAzwQ9USyEcX6t3UO+K5aqBQOIHw==",
            "dependencies": {
                "brace-expansion": "^1.1.7"
            },
            "engines": {
                "node": "*"
            }
        },
        "node_modules/semver": {
            "version": "7.3.5",
            "resolved": "https://registry.npmjs.org/semver/-/semver-7.3.5.tgz",
            "integrity": "sha512-PoeGJYh8HK4BTO/a9Tf6ZG3veo/A7ZVsYrSA6J8ny9nb3B1VrpkuN+z9OE5wfE5p6H4LchYZsegiQgbJD94ZFQ==",
            "dependencies": {
                "lru-cache": "^6.0.0"
            },
            "bin": {
                "semver": "bin/semver.js"
            },
            "engines": {
                "node": ">=10"
            }
        },
        "node_modules/vscode-jsonrpc": {
            "version": "6.0.0",
            "resolved": "https://registry.npmjs.org/vscode-jsonrpc/-/vscode-jsonrpc-6.0.0.tgz",
            "integrity": "sha512-wnJA4BnEjOSyFMvjZdpiOwhSq9uDoK8e/kpRJDTaMYzwlkrhG1fwDIZI94CLsLzlCK5cIbMMtFlJlfR57Lavmg==",
            "engines": {
                "node": ">=8.0.0 || >=10.0.0"
            }
        },
        "node_modules/vscode-languageclient": {
            "version": "7.0.0",
            "resolved": "https://registry.npmjs.org/vscode-languageclient/-/vscode-languageclient-7.0.0.tgz",
            "integrity": "sha512-P9AXdAPlsCgslpP9pRxYPqkNYV7Xq8300/aZDpO35j1fJm/ncize8iGswzYlcvFw5DQUx4eVk+KvfXdL0rehNg==",
            "dependencies": {
                "minimatch": "^3.0.4",
                "semver": "^7.3.4",
                "vscode-languageserver-protocol": "3.16.0"
            },
            "engines": {
                "vscode": "^1.52.0"
            }
        },
        "node_modules/vscode-languageserver-protocol": {
            "version": "3.16.0",
            "resolved": "https://registry.npmjs.org/vscode-languageserver-protocol/-/vscode-languageserver-protocol-3.16.0.tgz",
            "integrity": "sha512-sdeUoAawceQdgIfTI+sdcwkiK2KU+2cbEYA0agzM2uqaUy2UpnnGHtWTHVEtS0ES4zHU0eMFRGN+oQgDxlD66A==",
            "dependencies": {
                "vscode-jsonrpc": "6.0.0",
                "vscode-languageserver-types": "3.16.0"
            }
        },
        "node_modules/vscode-languageserver-types": {
            "version": "3.16.0",
            "resolved": "https://registry.npmjs.org/vscode-languageserver-types/-/vscode-languageserver-types-3.16.0.tgz",
            "integrity": "sha512-k8luDIWJWyenLc5ToFQQMaSrqCHiLwyKPHKPQZ5zz21vM+vIVUSvsRpcbiECH4WR88K2XZqc4ScRcZ7nk/jbeA=="
        },
        "node_modules/yallist": {
            "version": "4.0.0",
            "resolved": "https://registry.npmjs.org/yallist/-/yallist-4.0.0.tgz",
            "integrity": "sha512-3wdGidZyq5PB084XLES5TpOSRA3wjXAlIWMhum2kRcv/41Sn2emQ0dycQW4uZXLejwKvg6EsvbdlVL+FYEct7A=="
        }
    },
    "dependencies": {
        "@esbuild/linux-loong64": {
            "version": "0.15.0",
            "resolved": "https://registry.npmjs.org/@esbuild/linux-loong64/-/linux-loong64-0.15.0.tgz",
            "integrity": "sha512-7ChD3qsxRPIPp9bfjspZiM/x8B1UZL7IKwp0YdnC1kKsDCB5Q8/TexedeeEbkI9inlunu8Lll2lP2wnkiXTCLA==",
            "dev": true,
            "optional": true
        },
        "balanced-match": {
            "version": "1.0.2",
            "resolved": "https://registry.npmjs.org/balanced-match/-/balanced-match-1.0.2.tgz",
            "integrity": "sha512-3oSeUO0TMV67hN1AmbXsK4yaqU7tjiHlbxRDZOpH0KW9+CeX4bRAaX0Anxt0tx2MrpRpWwQaPwIlISEJhYU5Pw=="
        },
        "brace-expansion": {
            "version": "1.1.11",
            "resolved": "https://registry.npmjs.org/brace-expansion/-/brace-expansion-1.1.11.tgz",
            "integrity": "sha512-iCuPHDFgrHX7H2vEI/5xpz07zSHB00TpugqhmYtVmMO6518mCuRMoOYFldEBl0g187ufozdaHgWKcYFb61qGiA==",
            "requires": {
                "balanced-match": "^1.0.0",
                "concat-map": "0.0.1"
            }
        },
        "concat-map": {
            "version": "0.0.1",
            "resolved": "https://registry.npmjs.org/concat-map/-/concat-map-0.0.1.tgz",
            "integrity": "sha1-2Klr13/Wjfd5OnMDajug1UBdR3s="
        },
        "esbuild": {
            "version": "0.15.0",
            "resolved": "https://registry.npmjs.org/esbuild/-/esbuild-0.15.0.tgz",
            "integrity": "sha512-UUDSelGc/EOhzn0zpkdhLA3iB+jq2OS5gnMUMz/BqAKBIsWR2fTHqrddNPt2PNj3OUchqcMcTHSUBr+VpYpcsQ==",
            "dev": true,
            "requires": {
                "@esbuild/linux-loong64": "0.15.0",
                "esbuild-android-64": "0.15.0",
                "esbuild-android-arm64": "0.15.0",
                "esbuild-darwin-64": "0.15.0",
                "esbuild-darwin-arm64": "0.15.0",
                "esbuild-freebsd-64": "0.15.0",
                "esbuild-freebsd-arm64": "0.15.0",
                "esbuild-linux-32": "0.15.0",
                "esbuild-linux-64": "0.15.0",
                "esbuild-linux-arm": "0.15.0",
                "esbuild-linux-arm64": "0.15.0",
                "esbuild-linux-mips64le": "0.15.0",
                "esbuild-linux-ppc64le": "0.15.0",
                "esbuild-linux-riscv64": "0.15.0",
                "esbuild-linux-s390x": "0.15.0",
                "esbuild-netbsd-64": "0.15.0",
                "esbuild-openbsd-64": "0.15.0",
                "esbuild-sunos-64": "0.15.0",
                "esbuild-windows-32": "0.15.0",
                "esbuild-windows-64": "0.15.0",
                "esbuild-windows-arm64": "0.15.0"
            }
        },
        "esbuild-android-64": {
            "version": "0.15.0",
            "resolved": "https://registry.npmjs.org/esbuild-android-64/-/esbuild-android-64-0.15.0.tgz",
            "integrity": "sha512-A9wa6quw4nYIhCDH6rudxSTOAIfSOYU3eME8ZkfP21P+WTxz0pFORFDuBjVAcLhkora3bDc23C8UeloKiiQPOg==",
            "dev": true,
            "optional": true
        },
        "esbuild-android-arm64": {
            "version": "0.15.0",
            "resolved": "https://registry.npmjs.org/esbuild-android-arm64/-/esbuild-android-arm64-0.15.0.tgz",
            "integrity": "sha512-ujdverhuFUfW99HdF+L9n1wzG950lVL1AJVc1SEbJRaQC22tVq9xXNXkLLq7v4hSZWrdz/MT3hwhnQF0KTMxNg==",
            "dev": true,
            "optional": true
        },
        "esbuild-darwin-64": {
            "version": "0.15.0",
            "resolved": "https://registry.npmjs.org/esbuild-darwin-64/-/esbuild-darwin-64-0.15.0.tgz",
            "integrity": "sha512-aA5SVtXCetQ9ChREG8xDdzv43XGbdz+u4AxQgQZrRu0gXD3yJfawfZgquaej3CxVAlrOgBPbu5z+tA5SVhXAxQ==",
            "dev": true,
            "optional": true
        },
        "esbuild-darwin-arm64": {
            "version": "0.15.0",
            "resolved": "https://registry.npmjs.org/esbuild-darwin-arm64/-/esbuild-darwin-arm64-0.15.0.tgz",
            "integrity": "sha512-CaxPS5JUQpldeIMVqw0K+vlGfyMphvtIWugPMyXPGTDmUAcWXSha1QRgJ5Fxa9d/cC4DKeC8L8/q7ClzinXxfA==",
            "dev": true,
            "optional": true
        },
        "esbuild-freebsd-64": {
            "version": "0.15.0",
            "resolved": "https://registry.npmjs.org/esbuild-freebsd-64/-/esbuild-freebsd-64-0.15.0.tgz",
            "integrity": "sha512-O9yvjry2bmX8sxx42JfwW6g/usZ0e3ndfb3+bquu20qkuEfDodqHNzotOjaKSREvxpw+Ub1zNtXvA/FFekSaOA==",
            "dev": true,
            "optional": true
        },
        "esbuild-freebsd-arm64": {
            "version": "0.15.0",
            "resolved": "https://registry.npmjs.org/esbuild-freebsd-arm64/-/esbuild-freebsd-arm64-0.15.0.tgz",
            "integrity": "sha512-Zv8bNAG1lYyCtWi+PVndgys6KRBe5hQgD81tK3zdZ6XEitpCPwF8QShYbV8RacG1YBD7aHKSoWKGkT9+5bMGhw==",
            "dev": true,
            "optional": true
        },
        "esbuild-linux-32": {
            "version": "0.15.0",
            "resolved": "https://registry.npmjs.org/esbuild-linux-32/-/esbuild-linux-32-0.15.0.tgz",
            "integrity": "sha512-QZqCG55D5Wof1WmBJMuihNroLM9S2oDXGkqB0ZHMA67CQw+3cAwWxOKW36n6VFaKiE4MhvUuW7jI+lr2D7nXQQ==",
            "dev": true,
            "optional": true
        },
        "esbuild-linux-64": {
            "version": "0.15.0",
            "resolved": "https://registry.npmjs.org/esbuild-linux-64/-/esbuild-linux-64-0.15.0.tgz",
            "integrity": "sha512-cmB2vAUWf9W8768H0DuOi6VUrQPCinx/oYhRbuR1TZj873vg1GTqc55LAh1cYCC0xEMd9MjO4YfI43OX4ewI1w==",
            "dev": true,
            "optional": true
        },
        "esbuild-linux-arm": {
            "version": "0.15.0",
            "resolved": "https://registry.npmjs.org/esbuild-linux-arm/-/esbuild-linux-arm-0.15.0.tgz",
            "integrity": "sha512-UyY0Vqd9ngfeWBeJrrqHiXf4ozqXxzNT8ebdNt1ay5hfu/uXes3eVkt1YHP2dcxG/APPE4XDxvKlx0SoSwHP6Q==",
            "dev": true,
            "optional": true
        },
        "esbuild-linux-arm64": {
            "version": "0.15.0",
            "resolved": "https://registry.npmjs.org/esbuild-linux-arm64/-/esbuild-linux-arm64-0.15.0.tgz",
            "integrity": "sha512-bJc8k64Lss+2V8yx9kh4Q48SYPR/k0kxyep2pmvzaGm+AreeMnXI0J33zF4tU/OW9r3pwa74F3/MxF6x275Yhg==",
            "dev": true,
            "optional": true
        },
        "esbuild-linux-mips64le": {
            "version": "0.15.0",
            "resolved": "https://registry.npmjs.org/esbuild-linux-mips64le/-/esbuild-linux-mips64le-0.15.0.tgz",
            "integrity": "sha512-NoOxC4a1XfM4/zGBIujIuxhPVWvS6UgqE/ksyjZ6qgHQD9lWVjcEv3iPEKKIuHXPE1s+YHvJrdXVup96aVvflQ==",
            "dev": true,
            "optional": true
        },
        "esbuild-linux-ppc64le": {
            "version": "0.15.0",
            "resolved": "https://registry.npmjs.org/esbuild-linux-ppc64le/-/esbuild-linux-ppc64le-0.15.0.tgz",
            "integrity": "sha512-OUkEhJAYPaYPvHZxjgnJhWB0qD8q8l1q8CnGLngmPAxb9WZrFwPYmykWBTSqGXeG08stScpkIQXy4HTSF8rH+w==",
            "dev": true,
            "optional": true
        },
        "esbuild-linux-riscv64": {
            "version": "0.15.0",
            "resolved": "https://registry.npmjs.org/esbuild-linux-riscv64/-/esbuild-linux-riscv64-0.15.0.tgz",
            "integrity": "sha512-DuSujKNrdCN+kvA0+BBS/ULaINuOeI0iU9XzhIRtTCR5cFJWd6aQTHluKEc3C/a/ib2KTVNjM21cUHi4Tj0NZA==",
            "dev": true,
            "optional": true
        },
        "esbuild-linux-s390x": {
            "version": "0.15.0",
            "resolved": "https://registry.npmjs.org/esbuild-linux-s390x/-/esbuild-linux-s390x-0.15.0.tgz",
            "integrity": "sha512-ttGGhgXRpJbsD+XXS2NIBThuEh8EvAJEnVQ9vzXviniPuvpuwKLFNBRPqtX3gE5o2bUQnh5ZugmDVuD9GW2ROg==",
            "dev": true,
            "optional": true
        },
        "esbuild-netbsd-64": {
            "version": "0.15.0",
            "resolved": "https://registry.npmjs.org/esbuild-netbsd-64/-/esbuild-netbsd-64-0.15.0.tgz",
            "integrity": "sha512-rb6sIQ/gZeQNrgplSLJ0zLirLwr3vQCzbL1jb0Ypay83Uup2s+OEI+Vw+oJ2SomrhVyOPwk/R4AY713bJKdLsQ==",
            "dev": true,
            "optional": true
        },
        "esbuild-openbsd-64": {
            "version": "0.15.0",
            "resolved": "https://registry.npmjs.org/esbuild-openbsd-64/-/esbuild-openbsd-64-0.15.0.tgz",
            "integrity": "sha512-CeU7hw291UJQpNg/oJLefmM9Rdeddo2ya9Vw9hdDrUyZAAZckqVRLDh9t4OdqJuXFdlo6BM2qhZCcY22O7wfGg==",
            "dev": true,
            "optional": true
        },
        "esbuild-sunos-64": {
            "version": "0.15.0",
            "resolved": "https://registry.npmjs.org/esbuild-sunos-64/-/esbuild-sunos-64-0.15.0.tgz",
            "integrity": "sha512-nE7EcgDw9RT4fR+GJZ5a0spPb2HKT77viCjrGl6GSeb/n3RhxGgVGwPQDI/KRwyVeQMqEOTtHQMNPwNr9TKDDQ==",
            "dev": true,
            "optional": true
        },
        "esbuild-windows-32": {
            "version": "0.15.0",
            "resolved": "https://registry.npmjs.org/esbuild-windows-32/-/esbuild-windows-32-0.15.0.tgz",
            "integrity": "sha512-FUPwJmPwBoqe8ShhOMfHtSElh1Nyc3s+Kru3m7lDJCjNr3ctx9YJKuzRsz4UXow6Wo79LMQGNyjysQ7UuKgvHQ==",
            "dev": true,
            "optional": true
        },
        "esbuild-windows-64": {
            "version": "0.15.0",
            "resolved": "https://registry.npmjs.org/esbuild-windows-64/-/esbuild-windows-64-0.15.0.tgz",
            "integrity": "sha512-zNM5bSVOY0SzMFB6k3ZdMwg4JmLVLpEmgVd2fU2STDmEOXdY1APAFPVWkbWMtLF/nfLfaJLfps7+IIJgGyQbGA==",
            "dev": true,
            "optional": true
        },
        "esbuild-windows-arm64": {
            "version": "0.15.0",
            "resolved": "https://registry.npmjs.org/esbuild-windows-arm64/-/esbuild-windows-arm64-0.15.0.tgz",
            "integrity": "sha512-sqhmDwUhUULUnViLD7jAqo4FaOhLN/FMW+dFVSvxSTA9pZSr2w6efky91vTWOcTUmspvYyHyOrJmtktp1ffIaw==",
            "dev": true,
            "optional": true
        },
        "lru-cache": {
            "version": "6.0.0",
            "resolved": "https://registry.npmjs.org/lru-cache/-/lru-cache-6.0.0.tgz",
            "integrity": "sha512-Jo6dJ04CmSjuznwJSS3pUeWmd/H0ffTlkXXgwZi+eq1UCmqQwCh+eLsYOYCwY991i2Fah4h1BEMCx4qThGbsiA==",
            "requires": {
                "yallist": "^4.0.0"
            }
        },
        "minimatch": {
            "version": "3.1.2",
            "resolved": "https://registry.npmjs.org/minimatch/-/minimatch-3.1.2.tgz",
            "integrity": "sha512-J7p63hRiAjw1NDEww1W7i37+ByIrOWO5XQQAzZ3VOcL0PNybwpfmV/N05zFAzwQ9USyEcX6t3UO+K5aqBQOIHw==",
            "requires": {
                "brace-expansion": "^1.1.7"
            }
        },
        "semver": {
            "version": "7.3.5",
            "resolved": "https://registry.npmjs.org/semver/-/semver-7.3.5.tgz",
            "integrity": "sha512-PoeGJYh8HK4BTO/a9Tf6ZG3veo/A7ZVsYrSA6J8ny9nb3B1VrpkuN+z9OE5wfE5p6H4LchYZsegiQgbJD94ZFQ==",
            "requires": {
                "lru-cache": "^6.0.0"
            }
        },
        "vscode-jsonrpc": {
            "version": "6.0.0",
            "resolved": "https://registry.npmjs.org/vscode-jsonrpc/-/vscode-jsonrpc-6.0.0.tgz",
            "integrity": "sha512-wnJA4BnEjOSyFMvjZdpiOwhSq9uDoK8e/kpRJDTaMYzwlkrhG1fwDIZI94CLsLzlCK5cIbMMtFlJlfR57Lavmg=="
        },
        "vscode-languageclient": {
            "version": "7.0.0",
            "resolved": "https://registry.npmjs.org/vscode-languageclient/-/vscode-languageclient-7.0.0.tgz",
            "integrity": "sha512-P9AXdAPlsCgslpP9pRxYPqkNYV7Xq8300/aZDpO35j1fJm/ncize8iGswzYlcvFw5DQUx4eVk+KvfXdL0rehNg==",
            "requires": {
                "minimatch": "^3.0.4",
                "semver": "^7.3.4",
                "vscode-languageserver-protocol": "3.16.0"
            }
        },
        "vscode-languageserver-protocol": {
            "version": "3.16.0",
            "resolved": "https://registry.npmjs.org/vscode-languageserver-protocol/-/vscode-languageserver-protocol-3.16.0.tgz",
            "integrity": "sha512-sdeUoAawceQdgIfTI+sdcwkiK2KU+2cbEYA0agzM2uqaUy2UpnnGHtWTHVEtS0ES4zHU0eMFRGN+oQgDxlD66A==",
            "requires": {
                "vscode-jsonrpc": "6.0.0",
                "vscode-languageserver-types": "3.16.0"
            }
        },
        "vscode-languageserver-types": {
            "version": "3.16.0",
            "resolved": "https://registry.npmjs.org/vscode-languageserver-types/-/vscode-languageserver-types-3.16.0.tgz",
            "integrity": "sha512-k8luDIWJWyenLc5ToFQQMaSrqCHiLwyKPHKPQZ5zz21vM+vIVUSvsRpcbiECH4WR88K2XZqc4ScRcZ7nk/jbeA=="
        },
        "yallist": {
            "version": "4.0.0",
            "resolved": "https://registry.npmjs.org/yallist/-/yallist-4.0.0.tgz",
            "integrity": "sha512-3wdGidZyq5PB084XLES5TpOSRA3wjXAlIWMhum2kRcv/41Sn2emQ0dycQW4uZXLejwKvg6EsvbdlVL+FYEct7A=="
        }
    }
}
